
Microsoft Visual Studio Solution File, Format Version 12.00
# Visual Studio 15
VisualStudioVersion = 15.0.26430.15
MinimumVisualStudioVersion = 10.0.40219.1
Project("{FAE04EC0-301F-11D3-BF4B-00C04F79EFBC}") = "SimilarWordsFinder", "testConsoleApp\SimilarWordsFinder.csproj", "{0A09AB28-5698-46EC-9272-DF026B3DE2B6}"
EndProject
Project("{FAE04EC0-301F-11D3-BF4B-00C04F79EFBC}") = "WindowAppDemo", "WindowApp\WindowAppDemo.csproj", "{9EBB52C8-82B0-44FB-915D-E025ABCFFEFA}"
EndProject
Project("{FAE04EC0-301F-11D3-BF4B-00C04F79EFBC}") = "Interface", "Interface\Interface.csproj", "{C239222A-155A-4D8D-B3F4-E687A33E8809}"
EndProject
Global
	GlobalSection(SolutionConfigurationPlatforms) = preSolution
		Debug|Any CPU = Debug|Any CPU
		Release|Any CPU = Release|Any CPU
	EndGlobalSection
	GlobalSection(ProjectConfigurationPlatforms) = postSolution
		{0A09AB28-5698-46EC-9272-DF026B3DE2B6}.Debug|Any CPU.ActiveCfg = Debug|Any CPU
		{0A09AB28-5698-46EC-9272-DF026B3DE2B6}.Debug|Any CPU.Build.0 = Debug|Any CPU
		{0A09AB28-5698-46EC-9272-DF026B3DE2B6}.Release|Any CPU.ActiveCfg = Release|Any CPU
		{0A09AB28-5698-46EC-9272-DF026B3DE2B6}.Release|Any CPU.Build.0 = Release|Any CPU
		{9EBB52C8-82B0-44FB-915D-E025ABCFFEFA}.Debug|Any CPU.ActiveCfg = Debug|Any CPU
		{9EBB52C8-82B0-44FB-915D-E025ABCFFEFA}.Debug|Any CPU.Build.0 = Debug|Any CPU
		{9EBB52C8-82B0-44FB-915D-E025ABCFFEFA}.Release|Any CPU.ActiveCfg = Release|Any CPU
		{9EBB52C8-82B0-44FB-915D-E025ABCFFEFA}.Release|Any CPU.Build.0 = Release|Any CPU
		{C239222A-155A-4D8D-B3F4-E687A33E8809}.Debug|Any CPU.ActiveCfg = Debug|Any CPU
		{C239222A-155A-4D8D-B3F4-E687A33E8809}.Debug|Any CPU.Build.0 = Debug|Any CPU
		{C239222A-155A-4D8D-B3F4-E687A33E8809}.Release|Any CPU.ActiveCfg = Release|Any CPU
		{C239222A-155A-4D8D-B3F4-E687A33E8809}.Release|Any CPU.Build.0 = Release|Any CPU
	EndGlobalSection
	GlobalSection(SolutionProperties) = preSolution
		HideSolutionNode = FALSE
	EndGlobalSection
	GlobalSection(ExtensibilityGlobals) = postSolution
		SolutionGuid = {89A4EC33-B4BA-49D2-8828-8CACB79C1AB1}
	EndGlobalSection
EndGlobal
